
Microsoft Visual Studio Solution File, Format Version 11.00
# Visual Studio 2010
Project("{FAE04EC0-301F-11D3-BF4B-00C04F79EFBC}") = "ICloneableClass", "ICloneableClass\ICloneableClass.csproj", "{6889B2D5-0044-43AB-AAF3-1F50121FAD4E}"
EndProject
Global
	GlobalSection(SolutionConfigurationPlatforms) = preSolution
		Debug|x86 = Debug|x86
		Release|x86 = Release|x86
	EndGlobalSection
	GlobalSection(ProjectConfigurationPlatforms) = postSolution
		{6889B2D5-0044-43AB-AAF3-1F50121FAD4E}.Debug|x86.ActiveCfg = Debug|x86
		{6889B2D5-0044-43AB-AAF3-1F50121FAD4E}.Debug|x86.Build.0 = Debug|x86
		{6889B2D5-0044-43AB-AAF3-1F50121FAD4E}.Release|x86.ActiveCfg = Release|x86
		{6889B2D5-0044-43AB-AAF3-1F50121FAD4E}.Release|x86.Build.0 = Release|x86
	EndGlobalSection
	GlobalSection(SolutionProperties) = preSolution
		HideSolutionNode = FALSE
	EndGlobalSection
EndGlobal
