
Microsoft Visual Studio Solution File, Format Version 11.00
# Visual Studio 2010
Project("{FAE04EC0-301F-11D3-BF4B-00C04F79EFBC}") = "MyDLL", "MyDLL\MyDLL.csproj", "{9EAA2E1A-B2B4-4F9C-90F4-480AA57F7163}"
EndProject
Global
	GlobalSection(SolutionConfigurationPlatforms) = preSolution
		Debug|Any CPU = Debug|Any CPU
		Release|Any CPU = Release|Any CPU
	EndGlobalSection
	GlobalSection(ProjectConfigurationPlatforms) = postSolution
		{9EAA2E1A-B2B4-4F9C-90F4-480AA57F7163}.Debug|Any CPU.ActiveCfg = Debug|Any CPU
		{9EAA2E1A-B2B4-4F9C-90F4-480AA57F7163}.Debug|Any CPU.Build.0 = Debug|Any CPU
		{9EAA2E1A-B2B4-4F9C-90F4-480AA57F7163}.Release|Any CPU.ActiveCfg = Release|Any CPU
		{9EAA2E1A-B2B4-4F9C-90F4-480AA57F7163}.Release|Any CPU.Build.0 = Release|Any CPU
	EndGlobalSection
	GlobalSection(SolutionProperties) = preSolution
		HideSolutionNode = FALSE
	EndGlobalSection
EndGlobal
